
Microsoft Visual Studio Solution File, Format Version 11.00
# Visual Studio 2010
Project("{8BC9CEB8-8B4A-11D0-8D11-00A0C91BC942}") = "libCoin3D", "libCoin3D\libCoin3D.vcxproj", "{34510B6D-EB60-4DBA-952B-49C6729C1367}"
EndProject
Project("{FAE04EC0-301F-11D3-BF4B-00C04F79EFBC}") = "WristVizualizer", "WristVizualizer\WristVizualizer.csproj", "{73E9A2A5-E5C8-450D-B7B6-CBA91AEAF75C}"
EndProject
Project("{FAE04EC0-301F-11D3-BF4B-00C04F79EFBC}") = "GeneralMatrix", "GeneralMatrix\GeneralMatrix.csproj", "{6ABA6EAD-58B0-4FCE-A97F-BC884281A170}"
EndProject
Project("{FAE04EC0-301F-11D3-BF4B-00C04F79EFBC}") = "libWrist", "libWrist\libWrist.csproj", "{B4E7C69A-2C26-44BE-B11D-1D4340C3B8DB}"
EndProject
Project("{54435603-DBB4-11D2-8724-00A0C9A8B90C}") = "SetupWristVizualizer", "SetupWristVizualizer\SetupWristVizualizer.vdproj", "{8E917AE5-DE4F-4F14-8A8A-5AB01BC68AF4}"
EndProject
Project("{FAE04EC0-301F-11D3-BF4B-00C04F79EFBC}") = "AviFile", "AviFile\AviFile.csproj", "{ABB32A29-AF50-47FA-B243-5FD75A5ABA54}"
EndProject
Project("{FAE04EC0-301F-11D3-BF4B-00C04F79EFBC}") = "Mono.GetOptions", "Mono.GetOptions\Mono.GetOptions.csproj", "{77D5FD1D-325D-4379-9D45-00CAC7DE365E}"
EndProject
Global
	GlobalSection(SolutionConfigurationPlatforms) = preSolution
		Debug|x64 = Debug|x64
		Release|x64 = Release|x64
	EndGlobalSection
	GlobalSection(ProjectConfigurationPlatforms) = postSolution
		{34510B6D-EB60-4DBA-952B-49C6729C1367}.Debug|x64.ActiveCfg = Debug|x64
		{34510B6D-EB60-4DBA-952B-49C6729C1367}.Debug|x64.Build.0 = Debug|x64
		{34510B6D-EB60-4DBA-952B-49C6729C1367}.Release|x64.ActiveCfg = Release|x64
		{34510B6D-EB60-4DBA-952B-49C6729C1367}.Release|x64.Build.0 = Release|x64
		{73E9A2A5-E5C8-450D-B7B6-CBA91AEAF75C}.Debug|x64.ActiveCfg = Debug|x64
		{73E9A2A5-E5C8-450D-B7B6-CBA91AEAF75C}.Debug|x64.Build.0 = Debug|x64
		{73E9A2A5-E5C8-450D-B7B6-CBA91AEAF75C}.Release|x64.ActiveCfg = Release|x64
		{73E9A2A5-E5C8-450D-B7B6-CBA91AEAF75C}.Release|x64.Build.0 = Release|x64
		{6ABA6EAD-58B0-4FCE-A97F-BC884281A170}.Debug|x64.ActiveCfg = Debug|x64
		{6ABA6EAD-58B0-4FCE-A97F-BC884281A170}.Debug|x64.Build.0 = Debug|x64
		{6ABA6EAD-58B0-4FCE-A97F-BC884281A170}.Release|x64.ActiveCfg = Release|x64
		{6ABA6EAD-58B0-4FCE-A97F-BC884281A170}.Release|x64.Build.0 = Release|x64
		{B4E7C69A-2C26-44BE-B11D-1D4340C3B8DB}.Debug|x64.ActiveCfg = Debug|x64
		{B4E7C69A-2C26-44BE-B11D-1D4340C3B8DB}.Debug|x64.Build.0 = Debug|x64
		{B4E7C69A-2C26-44BE-B11D-1D4340C3B8DB}.Release|x64.ActiveCfg = Release|x64
		{B4E7C69A-2C26-44BE-B11D-1D4340C3B8DB}.Release|x64.Build.0 = Release|x64
		{8E917AE5-DE4F-4F14-8A8A-5AB01BC68AF4}.Debug|x64.ActiveCfg = Debug
		{8E917AE5-DE4F-4F14-8A8A-5AB01BC68AF4}.Release|x64.ActiveCfg = Release
		{ABB32A29-AF50-47FA-B243-5FD75A5ABA54}.Debug|x64.ActiveCfg = Debug|x64
		{ABB32A29-AF50-47FA-B243-5FD75A5ABA54}.Debug|x64.Build.0 = Debug|x64
		{ABB32A29-AF50-47FA-B243-5FD75A5ABA54}.Release|x64.ActiveCfg = Release|x64
		{ABB32A29-AF50-47FA-B243-5FD75A5ABA54}.Release|x64.Build.0 = Release|x64
		{77D5FD1D-325D-4379-9D45-00CAC7DE365E}.Debug|x64.ActiveCfg = Debug|x64
		{77D5FD1D-325D-4379-9D45-00CAC7DE365E}.Debug|x64.Build.0 = Debug|x64
		{77D5FD1D-325D-4379-9D45-00CAC7DE365E}.Release|x64.ActiveCfg = Release|x64
		{77D5FD1D-325D-4379-9D45-00CAC7DE365E}.Release|x64.Build.0 = Release|x64
	EndGlobalSection
	GlobalSection(SolutionProperties) = preSolution
		HideSolutionNode = FALSE
	EndGlobalSection
EndGlobal
