
Microsoft Visual Studio Solution File, Format Version 9.00
# Visual Studio 2005
Project("{FAE04EC0-301F-11D3-BF4B-00C04F79EFBC}") = "Vizualization", "Vizualization\Vizualization.csproj", "{766ED705-7D30-4160-B6AC-5215BD8704D9}"
EndProject
Project("{8BC9CEB8-8B4A-11D0-8D11-00A0C91BC942}") = "libCoin3D", "libCoin3D\libCoin3D.vcproj", "{34510B6D-EB60-4DBA-952B-49C6729C1367}"
EndProject
Project("{FAE04EC0-301F-11D3-BF4B-00C04F79EFBC}") = "WristVizualizer", "WristVizualizer\WristVizualizer.csproj", "{73E9A2A5-E5C8-450D-B7B6-CBA91AEAF75C}"
EndProject
Project("{FAE04EC0-301F-11D3-BF4B-00C04F79EFBC}") = "GeneralMatrix", "GeneralMatrix\GeneralMatrix.csproj", "{6ABA6EAD-58B0-4FCE-A97F-BC884281A170}"
EndProject
Project("{FAE04EC0-301F-11D3-BF4B-00C04F79EFBC}") = "libWrist", "libWrist\libWrist.csproj", "{B4E7C69A-2C26-44BE-B11D-1D4340C3B8DB}"
EndProject
Project("{54435603-DBB4-11D2-8724-00A0C9A8B90C}") = "SetupWristVizualizer", "SetupWristVizualizer\SetupWristVizualizer.vdproj", "{8E917AE5-DE4F-4F14-8A8A-5AB01BC68AF4}"
EndProject
Project("{FAE04EC0-301F-11D3-BF4B-00C04F79EFBC}") = "IVViewer", "IVViewer\IVViewer.csproj", "{D6DDF550-4968-48B0-BFDB-911E15198719}"
EndProject
Project("{54435603-DBB4-11D2-8724-00A0C9A8B90C}") = "SetupIVViewer", "SetupIVViewer\SetupIVViewer.vdproj", "{5CBC900F-8F31-4315-8569-3974FB09DC99}"
EndProject
Project("{FAE04EC0-301F-11D3-BF4B-00C04F79EFBC}") = "AviFile", "AviFile\AviFile.csproj", "{ABB32A29-AF50-47FA-B243-5FD75A5ABA54}"
EndProject
Project("{FAE04EC0-301F-11D3-BF4B-00C04F79EFBC}") = "WiimoteLib", "WiimoteLib\WiimoteLib.csproj", "{37A555DF-7012-4B99-8A47-1C922A361E52}"
EndProject
Project("{FAE04EC0-301F-11D3-BF4B-00C04F79EFBC}") = "Mono.GetOptions", "Mono.GetOptions\Mono.GetOptions.csproj", "{77D5FD1D-325D-4379-9D45-00CAC7DE365E}"
EndProject
Global
	GlobalSection(SolutionConfigurationPlatforms) = preSolution
		Debug MSRS|Any CPU = Debug MSRS|Any CPU
		Debug MSRS|Mixed Platforms = Debug MSRS|Mixed Platforms
		Debug MSRS|Win32 = Debug MSRS|Win32
		Debug MSRS|x86 = Debug MSRS|x86
		Debug|Any CPU = Debug|Any CPU
		Debug|Mixed Platforms = Debug|Mixed Platforms
		Debug|Win32 = Debug|Win32
		Debug|x86 = Debug|x86
		MSRS Debug|Any CPU = MSRS Debug|Any CPU
		MSRS Debug|Mixed Platforms = MSRS Debug|Mixed Platforms
		MSRS Debug|Win32 = MSRS Debug|Win32
		MSRS Debug|x86 = MSRS Debug|x86
		Release MSRS|Any CPU = Release MSRS|Any CPU
		Release MSRS|Mixed Platforms = Release MSRS|Mixed Platforms
		Release MSRS|Win32 = Release MSRS|Win32
		Release MSRS|x86 = Release MSRS|x86
		Release|Any CPU = Release|Any CPU
		Release|Mixed Platforms = Release|Mixed Platforms
		Release|Win32 = Release|Win32
		Release|x86 = Release|x86
	EndGlobalSection
	GlobalSection(ProjectConfigurationPlatforms) = postSolution
		{766ED705-7D30-4160-B6AC-5215BD8704D9}.Debug MSRS|Any CPU.ActiveCfg = Debug|Any CPU
		{766ED705-7D30-4160-B6AC-5215BD8704D9}.Debug MSRS|Any CPU.Build.0 = Debug|Any CPU
		{766ED705-7D30-4160-B6AC-5215BD8704D9}.Debug MSRS|Mixed Platforms.ActiveCfg = Debug|Any CPU
		{766ED705-7D30-4160-B6AC-5215BD8704D9}.Debug MSRS|Mixed Platforms.Build.0 = Debug|Any CPU
		{766ED705-7D30-4160-B6AC-5215BD8704D9}.Debug MSRS|Win32.ActiveCfg = Debug|Any CPU
		{766ED705-7D30-4160-B6AC-5215BD8704D9}.Debug MSRS|x86.ActiveCfg = Debug|Any CPU
		{766ED705-7D30-4160-B6AC-5215BD8704D9}.Debug|Any CPU.ActiveCfg = Debug|Any CPU
		{766ED705-7D30-4160-B6AC-5215BD8704D9}.Debug|Any CPU.Build.0 = Debug|Any CPU
		{766ED705-7D30-4160-B6AC-5215BD8704D9}.Debug|Mixed Platforms.ActiveCfg = Debug|Any CPU
		{766ED705-7D30-4160-B6AC-5215BD8704D9}.Debug|Mixed Platforms.Build.0 = Debug|Any CPU
		{766ED705-7D30-4160-B6AC-5215BD8704D9}.Debug|Win32.ActiveCfg = Debug|Any CPU
		{766ED705-7D30-4160-B6AC-5215BD8704D9}.Debug|x86.ActiveCfg = Debug|Any CPU
		{766ED705-7D30-4160-B6AC-5215BD8704D9}.MSRS Debug|Any CPU.ActiveCfg = Debug|Any CPU
		{766ED705-7D30-4160-B6AC-5215BD8704D9}.MSRS Debug|Any CPU.Build.0 = Debug|Any CPU
		{766ED705-7D30-4160-B6AC-5215BD8704D9}.MSRS Debug|Mixed Platforms.ActiveCfg = Debug|Any CPU
		{766ED705-7D30-4160-B6AC-5215BD8704D9}.MSRS Debug|Mixed Platforms.Build.0 = Debug|Any CPU
		{766ED705-7D30-4160-B6AC-5215BD8704D9}.MSRS Debug|Win32.ActiveCfg = Debug|Any CPU
		{766ED705-7D30-4160-B6AC-5215BD8704D9}.MSRS Debug|x86.ActiveCfg = Debug|Any CPU
		{766ED705-7D30-4160-B6AC-5215BD8704D9}.Release MSRS|Any CPU.ActiveCfg = Release|Any CPU
		{766ED705-7D30-4160-B6AC-5215BD8704D9}.Release MSRS|Any CPU.Build.0 = Release|Any CPU
		{766ED705-7D30-4160-B6AC-5215BD8704D9}.Release MSRS|Mixed Platforms.ActiveCfg = Release|Any CPU
		{766ED705-7D30-4160-B6AC-5215BD8704D9}.Release MSRS|Mixed Platforms.Build.0 = Release|Any CPU
		{766ED705-7D30-4160-B6AC-5215BD8704D9}.Release MSRS|Win32.ActiveCfg = Release|Any CPU
		{766ED705-7D30-4160-B6AC-5215BD8704D9}.Release MSRS|x86.ActiveCfg = Release|Any CPU
		{766ED705-7D30-4160-B6AC-5215BD8704D9}.Release|Any CPU.ActiveCfg = Release|Any CPU
		{766ED705-7D30-4160-B6AC-5215BD8704D9}.Release|Any CPU.Build.0 = Release|Any CPU
		{766ED705-7D30-4160-B6AC-5215BD8704D9}.Release|Mixed Platforms.ActiveCfg = Release|Any CPU
		{766ED705-7D30-4160-B6AC-5215BD8704D9}.Release|Mixed Platforms.Build.0 = Release|Any CPU
		{766ED705-7D30-4160-B6AC-5215BD8704D9}.Release|Win32.ActiveCfg = Release|Any CPU
		{766ED705-7D30-4160-B6AC-5215BD8704D9}.Release|x86.ActiveCfg = Release|Any CPU
		{34510B6D-EB60-4DBA-952B-49C6729C1367}.Debug MSRS|Any CPU.ActiveCfg = Debug|Win32
		{34510B6D-EB60-4DBA-952B-49C6729C1367}.Debug MSRS|Mixed Platforms.ActiveCfg = Debug|Win32
		{34510B6D-EB60-4DBA-952B-49C6729C1367}.Debug MSRS|Mixed Platforms.Build.0 = Debug|Win32
		{34510B6D-EB60-4DBA-952B-49C6729C1367}.Debug MSRS|Win32.ActiveCfg = Debug|Win32
		{34510B6D-EB60-4DBA-952B-49C6729C1367}.Debug MSRS|Win32.Build.0 = Debug|Win32
		{34510B6D-EB60-4DBA-952B-49C6729C1367}.Debug MSRS|x86.ActiveCfg = Debug|Win32
		{34510B6D-EB60-4DBA-952B-49C6729C1367}.Debug|Any CPU.ActiveCfg = Debug|Win32
		{34510B6D-EB60-4DBA-952B-49C6729C1367}.Debug|Any CPU.Build.0 = Debug|Win32
		{34510B6D-EB60-4DBA-952B-49C6729C1367}.Debug|Mixed Platforms.ActiveCfg = Debug|Win32
		{34510B6D-EB60-4DBA-952B-49C6729C1367}.Debug|Mixed Platforms.Build.0 = Debug|Win32
		{34510B6D-EB60-4DBA-952B-49C6729C1367}.Debug|Win32.ActiveCfg = Debug|Win32
		{34510B6D-EB60-4DBA-952B-49C6729C1367}.Debug|Win32.Build.0 = Debug|Win32
		{34510B6D-EB60-4DBA-952B-49C6729C1367}.Debug|x86.ActiveCfg = Debug|Win32
		{34510B6D-EB60-4DBA-952B-49C6729C1367}.MSRS Debug|Any CPU.ActiveCfg = Debug|Win32
		{34510B6D-EB60-4DBA-952B-49C6729C1367}.MSRS Debug|Mixed Platforms.ActiveCfg = Debug|Win32
		{34510B6D-EB60-4DBA-952B-49C6729C1367}.MSRS Debug|Mixed Platforms.Build.0 = Debug|Win32
		{34510B6D-EB60-4DBA-952B-49C6729C1367}.MSRS Debug|Win32.ActiveCfg = Debug|Win32
		{34510B6D-EB60-4DBA-952B-49C6729C1367}.MSRS Debug|Win32.Build.0 = Debug|Win32
		{34510B6D-EB60-4DBA-952B-49C6729C1367}.MSRS Debug|x86.ActiveCfg = Debug|Win32
		{34510B6D-EB60-4DBA-952B-49C6729C1367}.Release MSRS|Any CPU.ActiveCfg = Release|Win32
		{34510B6D-EB60-4DBA-952B-49C6729C1367}.Release MSRS|Mixed Platforms.ActiveCfg = Release|Win32
		{34510B6D-EB60-4DBA-952B-49C6729C1367}.Release MSRS|Mixed Platforms.Build.0 = Release|Win32
		{34510B6D-EB60-4DBA-952B-49C6729C1367}.Release MSRS|Win32.ActiveCfg = Release|Win32
		{34510B6D-EB60-4DBA-952B-49C6729C1367}.Release MSRS|Win32.Build.0 = Release|Win32
		{34510B6D-EB60-4DBA-952B-49C6729C1367}.Release MSRS|x86.ActiveCfg = Release|Win32
		{34510B6D-EB60-4DBA-952B-49C6729C1367}.Release|Any CPU.ActiveCfg = Release|Win32
		{34510B6D-EB60-4DBA-952B-49C6729C1367}.Release|Any CPU.Build.0 = Release|Win32
		{34510B6D-EB60-4DBA-952B-49C6729C1367}.Release|Mixed Platforms.ActiveCfg = Release|Win32
		{34510B6D-EB60-4DBA-952B-49C6729C1367}.Release|Mixed Platforms.Build.0 = Release|Win32
		{34510B6D-EB60-4DBA-952B-49C6729C1367}.Release|Win32.ActiveCfg = Release|Win32
		{34510B6D-EB60-4DBA-952B-49C6729C1367}.Release|Win32.Build.0 = Release|Win32
		{34510B6D-EB60-4DBA-952B-49C6729C1367}.Release|x86.ActiveCfg = Release|Win32
		{73E9A2A5-E5C8-450D-B7B6-CBA91AEAF75C}.Debug MSRS|Any CPU.ActiveCfg = Debug|Any CPU
		{73E9A2A5-E5C8-450D-B7B6-CBA91AEAF75C}.Debug MSRS|Any CPU.Build.0 = Debug|Any CPU
		{73E9A2A5-E5C8-450D-B7B6-CBA91AEAF75C}.Debug MSRS|Mixed Platforms.ActiveCfg = Debug|Any CPU
		{73E9A2A5-E5C8-450D-B7B6-CBA91AEAF75C}.Debug MSRS|Mixed Platforms.Build.0 = Debug|Any CPU
		{73E9A2A5-E5C8-450D-B7B6-CBA91AEAF75C}.Debug MSRS|Win32.ActiveCfg = Debug|Any CPU
		{73E9A2A5-E5C8-450D-B7B6-CBA91AEAF75C}.Debug MSRS|x86.ActiveCfg = Debug|Any CPU
		{73E9A2A5-E5C8-450D-B7B6-CBA91AEAF75C}.Debug|Any CPU.ActiveCfg = Debug|Any CPU
		{73E9A2A5-E5C8-450D-B7B6-CBA91AEAF75C}.Debug|Any CPU.Build.0 = Debug|Any CPU
		{73E9A2A5-E5C8-450D-B7B6-CBA91AEAF75C}.Debug|Mixed Platforms.ActiveCfg = Debug|Any CPU
		{73E9A2A5-E5C8-450D-B7B6-CBA91AEAF75C}.Debug|Mixed Platforms.Build.0 = Debug|Any CPU
		{73E9A2A5-E5C8-450D-B7B6-CBA91AEAF75C}.Debug|Win32.ActiveCfg = Debug|Any CPU
		{73E9A2A5-E5C8-450D-B7B6-CBA91AEAF75C}.Debug|x86.ActiveCfg = Debug|Any CPU
		{73E9A2A5-E5C8-450D-B7B6-CBA91AEAF75C}.MSRS Debug|Any CPU.ActiveCfg = Debug|Any CPU
		{73E9A2A5-E5C8-450D-B7B6-CBA91AEAF75C}.MSRS Debug|Any CPU.Build.0 = Debug|Any CPU
		{73E9A2A5-E5C8-450D-B7B6-CBA91AEAF75C}.MSRS Debug|Mixed Platforms.ActiveCfg = Debug|Any CPU
		{73E9A2A5-E5C8-450D-B7B6-CBA91AEAF75C}.MSRS Debug|Mixed Platforms.Build.0 = Debug|Any CPU
		{73E9A2A5-E5C8-450D-B7B6-CBA91AEAF75C}.MSRS Debug|Win32.ActiveCfg = Debug|Any CPU
		{73E9A2A5-E5C8-450D-B7B6-CBA91AEAF75C}.MSRS Debug|x86.ActiveCfg = Debug|Any CPU
		{73E9A2A5-E5C8-450D-B7B6-CBA91AEAF75C}.Release MSRS|Any CPU.ActiveCfg = Release|Any CPU
		{73E9A2A5-E5C8-450D-B7B6-CBA91AEAF75C}.Release MSRS|Any CPU.Build.0 = Release|Any CPU
		{73E9A2A5-E5C8-450D-B7B6-CBA91AEAF75C}.Release MSRS|Mixed Platforms.ActiveCfg = Release|Any CPU
		{73E9A2A5-E5C8-450D-B7B6-CBA91AEAF75C}.Release MSRS|Mixed Platforms.Build.0 = Release|Any CPU
		{73E9A2A5-E5C8-450D-B7B6-CBA91AEAF75C}.Release MSRS|Win32.ActiveCfg = Release|Any CPU
		{73E9A2A5-E5C8-450D-B7B6-CBA91AEAF75C}.Release MSRS|x86.ActiveCfg = Release|Any CPU
		{73E9A2A5-E5C8-450D-B7B6-CBA91AEAF75C}.Release|Any CPU.ActiveCfg = Release|Any CPU
		{73E9A2A5-E5C8-450D-B7B6-CBA91AEAF75C}.Release|Any CPU.Build.0 = Release|Any CPU
		{73E9A2A5-E5C8-450D-B7B6-CBA91AEAF75C}.Release|Mixed Platforms.ActiveCfg = Release|Any CPU
		{73E9A2A5-E5C8-450D-B7B6-CBA91AEAF75C}.Release|Mixed Platforms.Build.0 = Release|Any CPU
		{73E9A2A5-E5C8-450D-B7B6-CBA91AEAF75C}.Release|Win32.ActiveCfg = Release|Any CPU
		{73E9A2A5-E5C8-450D-B7B6-CBA91AEAF75C}.Release|x86.ActiveCfg = Release|Any CPU
		{6ABA6EAD-58B0-4FCE-A97F-BC884281A170}.Debug MSRS|Any CPU.ActiveCfg = Debug|Any CPU
		{6ABA6EAD-58B0-4FCE-A97F-BC884281A170}.Debug MSRS|Any CPU.Build.0 = Debug|Any CPU
		{6ABA6EAD-58B0-4FCE-A97F-BC884281A170}.Debug MSRS|Mixed Platforms.ActiveCfg = Debug|Any CPU
		{6ABA6EAD-58B0-4FCE-A97F-BC884281A170}.Debug MSRS|Mixed Platforms.Build.0 = Debug|Any CPU
		{6ABA6EAD-58B0-4FCE-A97F-BC884281A170}.Debug MSRS|Win32.ActiveCfg = Debug|Any CPU
		{6ABA6EAD-58B0-4FCE-A97F-BC884281A170}.Debug MSRS|x86.ActiveCfg = Debug|Any CPU
		{6ABA6EAD-58B0-4FCE-A97F-BC884281A170}.Debug|Any CPU.ActiveCfg = Debug|Any CPU
		{6ABA6EAD-58B0-4FCE-A97F-BC884281A170}.Debug|Any CPU.Build.0 = Debug|Any CPU
		{6ABA6EAD-58B0-4FCE-A97F-BC884281A170}.Debug|Mixed Platforms.ActiveCfg = Debug|Any CPU
		{6ABA6EAD-58B0-4FCE-A97F-BC884281A170}.Debug|Mixed Platforms.Build.0 = Debug|Any CPU
		{6ABA6EAD-58B0-4FCE-A97F-BC884281A170}.Debug|Win32.ActiveCfg = Debug|Any CPU
		{6ABA6EAD-58B0-4FCE-A97F-BC884281A170}.Debug|x86.ActiveCfg = Debug|Any CPU
		{6ABA6EAD-58B0-4FCE-A97F-BC884281A170}.MSRS Debug|Any CPU.ActiveCfg = Debug|Any CPU
		{6ABA6EAD-58B0-4FCE-A97F-BC884281A170}.MSRS Debug|Any CPU.Build.0 = Debug|Any CPU
		{6ABA6EAD-58B0-4FCE-A97F-BC884281A170}.MSRS Debug|Mixed Platforms.ActiveCfg = Debug|Any CPU
		{6ABA6EAD-58B0-4FCE-A97F-BC884281A170}.MSRS Debug|Mixed Platforms.Build.0 = Debug|Any CPU
		{6ABA6EAD-58B0-4FCE-A97F-BC884281A170}.MSRS Debug|Win32.ActiveCfg = Debug|Any CPU
		{6ABA6EAD-58B0-4FCE-A97F-BC884281A170}.MSRS Debug|x86.ActiveCfg = Debug|Any CPU
		{6ABA6EAD-58B0-4FCE-A97F-BC884281A170}.Release MSRS|Any CPU.ActiveCfg = Release|Any CPU
		{6ABA6EAD-58B0-4FCE-A97F-BC884281A170}.Release MSRS|Any CPU.Build.0 = Release|Any CPU
		{6ABA6EAD-58B0-4FCE-A97F-BC884281A170}.Release MSRS|Mixed Platforms.ActiveCfg = Release|Any CPU
		{6ABA6EAD-58B0-4FCE-A97F-BC884281A170}.Release MSRS|Mixed Platforms.Build.0 = Release|Any CPU
		{6ABA6EAD-58B0-4FCE-A97F-BC884281A170}.Release MSRS|Win32.ActiveCfg = Release|Any CPU
		{6ABA6EAD-58B0-4FCE-A97F-BC884281A170}.Release MSRS|x86.ActiveCfg = Release|Any CPU
		{6ABA6EAD-58B0-4FCE-A97F-BC884281A170}.Release|Any CPU.ActiveCfg = Release|Any CPU
		{6ABA6EAD-58B0-4FCE-A97F-BC884281A170}.Release|Any CPU.Build.0 = Release|Any CPU
		{6ABA6EAD-58B0-4FCE-A97F-BC884281A170}.Release|Mixed Platforms.ActiveCfg = Release|Any CPU
		{6ABA6EAD-58B0-4FCE-A97F-BC884281A170}.Release|Mixed Platforms.Build.0 = Release|Any CPU
		{6ABA6EAD-58B0-4FCE-A97F-BC884281A170}.Release|Win32.ActiveCfg = Release|Any CPU
		{6ABA6EAD-58B0-4FCE-A97F-BC884281A170}.Release|x86.ActiveCfg = Release|Any CPU
		{B4E7C69A-2C26-44BE-B11D-1D4340C3B8DB}.Debug MSRS|Any CPU.ActiveCfg = Debug|Any CPU
		{B4E7C69A-2C26-44BE-B11D-1D4340C3B8DB}.Debug MSRS|Any CPU.Build.0 = Debug|Any CPU
		{B4E7C69A-2C26-44BE-B11D-1D4340C3B8DB}.Debug MSRS|Mixed Platforms.ActiveCfg = Debug|Any CPU
		{B4E7C69A-2C26-44BE-B11D-1D4340C3B8DB}.Debug MSRS|Mixed Platforms.Build.0 = Debug|Any CPU
		{B4E7C69A-2C26-44BE-B11D-1D4340C3B8DB}.Debug MSRS|Win32.ActiveCfg = Debug|Any CPU
		{B4E7C69A-2C26-44BE-B11D-1D4340C3B8DB}.Debug MSRS|x86.ActiveCfg = Debug|Any CPU
		{B4E7C69A-2C26-44BE-B11D-1D4340C3B8DB}.Debug|Any CPU.ActiveCfg = Debug|Any CPU
		{B4E7C69A-2C26-44BE-B11D-1D4340C3B8DB}.Debug|Any CPU.Build.0 = Debug|Any CPU
		{B4E7C69A-2C26-44BE-B11D-1D4340C3B8DB}.Debug|Mixed Platforms.ActiveCfg = Debug|Any CPU
		{B4E7C69A-2C26-44BE-B11D-1D4340C3B8DB}.Debug|Mixed Platforms.Build.0 = Debug|Any CPU
		{B4E7C69A-2C26-44BE-B11D-1D4340C3B8DB}.Debug|Win32.ActiveCfg = Debug|Any CPU
		{B4E7C69A-2C26-44BE-B11D-1D4340C3B8DB}.Debug|x86.ActiveCfg = Debug|Any CPU
		{B4E7C69A-2C26-44BE-B11D-1D4340C3B8DB}.MSRS Debug|Any CPU.ActiveCfg = Debug|Any CPU
		{B4E7C69A-2C26-44BE-B11D-1D4340C3B8DB}.MSRS Debug|Any CPU.Build.0 = Debug|Any CPU
		{B4E7C69A-2C26-44BE-B11D-1D4340C3B8DB}.MSRS Debug|Mixed Platforms.ActiveCfg = Debug|Any CPU
		{B4E7C69A-2C26-44BE-B11D-1D4340C3B8DB}.MSRS Debug|Mixed Platforms.Build.0 = Debug|Any CPU
		{B4E7C69A-2C26-44BE-B11D-1D4340C3B8DB}.MSRS Debug|Win32.ActiveCfg = Debug|Any CPU
		{B4E7C69A-2C26-44BE-B11D-1D4340C3B8DB}.MSRS Debug|x86.ActiveCfg = Debug|Any CPU
		{B4E7C69A-2C26-44BE-B11D-1D4340C3B8DB}.Release MSRS|Any CPU.ActiveCfg = Release|Any CPU
		{B4E7C69A-2C26-44BE-B11D-1D4340C3B8DB}.Release MSRS|Any CPU.Build.0 = Release|Any CPU
		{B4E7C69A-2C26-44BE-B11D-1D4340C3B8DB}.Release MSRS|Mixed Platforms.ActiveCfg = Release|Any CPU
		{B4E7C69A-2C26-44BE-B11D-1D4340C3B8DB}.Release MSRS|Mixed Platforms.Build.0 = Release|Any CPU
		{B4E7C69A-2C26-44BE-B11D-1D4340C3B8DB}.Release MSRS|Win32.ActiveCfg = Release|Any CPU
		{B4E7C69A-2C26-44BE-B11D-1D4340C3B8DB}.Release MSRS|x86.ActiveCfg = Release|Any CPU
		{B4E7C69A-2C26-44BE-B11D-1D4340C3B8DB}.Release|Any CPU.ActiveCfg = Release|Any CPU
		{B4E7C69A-2C26-44BE-B11D-1D4340C3B8DB}.Release|Any CPU.Build.0 = Release|Any CPU
		{B4E7C69A-2C26-44BE-B11D-1D4340C3B8DB}.Release|Mixed Platforms.ActiveCfg = Release|Any CPU
		{B4E7C69A-2C26-44BE-B11D-1D4340C3B8DB}.Release|Mixed Platforms.Build.0 = Release|Any CPU
		{B4E7C69A-2C26-44BE-B11D-1D4340C3B8DB}.Release|Win32.ActiveCfg = Release|Any CPU
		{B4E7C69A-2C26-44BE-B11D-1D4340C3B8DB}.Release|x86.ActiveCfg = Release|Any CPU
		{8E917AE5-DE4F-4F14-8A8A-5AB01BC68AF4}.Debug MSRS|Any CPU.ActiveCfg = Debug
		{8E917AE5-DE4F-4F14-8A8A-5AB01BC68AF4}.Debug MSRS|Any CPU.Build.0 = Debug
		{8E917AE5-DE4F-4F14-8A8A-5AB01BC68AF4}.Debug MSRS|Mixed Platforms.ActiveCfg = Debug
		{8E917AE5-DE4F-4F14-8A8A-5AB01BC68AF4}.Debug MSRS|Mixed Platforms.Build.0 = Debug
		{8E917AE5-DE4F-4F14-8A8A-5AB01BC68AF4}.Debug MSRS|Win32.ActiveCfg = Debug
		{8E917AE5-DE4F-4F14-8A8A-5AB01BC68AF4}.Debug MSRS|Win32.Build.0 = Debug
		{8E917AE5-DE4F-4F14-8A8A-5AB01BC68AF4}.Debug MSRS|x86.ActiveCfg = Debug
		{8E917AE5-DE4F-4F14-8A8A-5AB01BC68AF4}.Debug MSRS|x86.Build.0 = Debug
		{8E917AE5-DE4F-4F14-8A8A-5AB01BC68AF4}.Debug|Any CPU.ActiveCfg = Debug
		{8E917AE5-DE4F-4F14-8A8A-5AB01BC68AF4}.Debug|Mixed Platforms.ActiveCfg = Debug
		{8E917AE5-DE4F-4F14-8A8A-5AB01BC68AF4}.Debug|Win32.ActiveCfg = Debug
		{8E917AE5-DE4F-4F14-8A8A-5AB01BC68AF4}.Debug|x86.ActiveCfg = Debug
		{8E917AE5-DE4F-4F14-8A8A-5AB01BC68AF4}.Debug|x86.Build.0 = Debug
		{8E917AE5-DE4F-4F14-8A8A-5AB01BC68AF4}.MSRS Debug|Any CPU.ActiveCfg = Debug
		{8E917AE5-DE4F-4F14-8A8A-5AB01BC68AF4}.MSRS Debug|Any CPU.Build.0 = Debug
		{8E917AE5-DE4F-4F14-8A8A-5AB01BC68AF4}.MSRS Debug|Mixed Platforms.ActiveCfg = Debug
		{8E917AE5-DE4F-4F14-8A8A-5AB01BC68AF4}.MSRS Debug|Mixed Platforms.Build.0 = Debug
		{8E917AE5-DE4F-4F14-8A8A-5AB01BC68AF4}.MSRS Debug|Win32.ActiveCfg = Debug
		{8E917AE5-DE4F-4F14-8A8A-5AB01BC68AF4}.MSRS Debug|Win32.Build.0 = Debug
		{8E917AE5-DE4F-4F14-8A8A-5AB01BC68AF4}.MSRS Debug|x86.ActiveCfg = Debug
		{8E917AE5-DE4F-4F14-8A8A-5AB01BC68AF4}.MSRS Debug|x86.Build.0 = Debug
		{8E917AE5-DE4F-4F14-8A8A-5AB01BC68AF4}.Release MSRS|Any CPU.ActiveCfg = Release
		{8E917AE5-DE4F-4F14-8A8A-5AB01BC68AF4}.Release MSRS|Any CPU.Build.0 = Release
		{8E917AE5-DE4F-4F14-8A8A-5AB01BC68AF4}.Release MSRS|Mixed Platforms.ActiveCfg = Release
		{8E917AE5-DE4F-4F14-8A8A-5AB01BC68AF4}.Release MSRS|Mixed Platforms.Build.0 = Release
		{8E917AE5-DE4F-4F14-8A8A-5AB01BC68AF4}.Release MSRS|Win32.ActiveCfg = Release
		{8E917AE5-DE4F-4F14-8A8A-5AB01BC68AF4}.Release MSRS|Win32.Build.0 = Release
		{8E917AE5-DE4F-4F14-8A8A-5AB01BC68AF4}.Release MSRS|x86.ActiveCfg = Release
		{8E917AE5-DE4F-4F14-8A8A-5AB01BC68AF4}.Release MSRS|x86.Build.0 = Release
		{8E917AE5-DE4F-4F14-8A8A-5AB01BC68AF4}.Release|Any CPU.ActiveCfg = Release
		{8E917AE5-DE4F-4F14-8A8A-5AB01BC68AF4}.Release|Mixed Platforms.ActiveCfg = Release
		{8E917AE5-DE4F-4F14-8A8A-5AB01BC68AF4}.Release|Win32.ActiveCfg = Release
		{8E917AE5-DE4F-4F14-8A8A-5AB01BC68AF4}.Release|x86.ActiveCfg = Release
		{8E917AE5-DE4F-4F14-8A8A-5AB01BC68AF4}.Release|x86.Build.0 = Release
		{D6DDF550-4968-48B0-BFDB-911E15198719}.Debug MSRS|Any CPU.ActiveCfg = Debug|Any CPU
		{D6DDF550-4968-48B0-BFDB-911E15198719}.Debug MSRS|Any CPU.Build.0 = Debug|Any CPU
		{D6DDF550-4968-48B0-BFDB-911E15198719}.Debug MSRS|Mixed Platforms.ActiveCfg = Debug|Any CPU
		{D6DDF550-4968-48B0-BFDB-911E15198719}.Debug MSRS|Mixed Platforms.Build.0 = Debug|Any CPU
		{D6DDF550-4968-48B0-BFDB-911E15198719}.Debug MSRS|Win32.ActiveCfg = Debug|Any CPU
		{D6DDF550-4968-48B0-BFDB-911E15198719}.Debug MSRS|x86.ActiveCfg = Debug|Any CPU
		{D6DDF550-4968-48B0-BFDB-911E15198719}.Debug|Any CPU.ActiveCfg = Debug|Any CPU
		{D6DDF550-4968-48B0-BFDB-911E15198719}.Debug|Any CPU.Build.0 = Debug|Any CPU
		{D6DDF550-4968-48B0-BFDB-911E15198719}.Debug|Mixed Platforms.ActiveCfg = Debug|Any CPU
		{D6DDF550-4968-48B0-BFDB-911E15198719}.Debug|Mixed Platforms.Build.0 = Debug|Any CPU
		{D6DDF550-4968-48B0-BFDB-911E15198719}.Debug|Win32.ActiveCfg = Debug|Any CPU
		{D6DDF550-4968-48B0-BFDB-911E15198719}.Debug|x86.ActiveCfg = Debug|Any CPU
		{D6DDF550-4968-48B0-BFDB-911E15198719}.MSRS Debug|Any CPU.ActiveCfg = Debug|Any CPU
		{D6DDF550-4968-48B0-BFDB-911E15198719}.MSRS Debug|Any CPU.Build.0 = Debug|Any CPU
		{D6DDF550-4968-48B0-BFDB-911E15198719}.MSRS Debug|Mixed Platforms.ActiveCfg = Debug|Any CPU
		{D6DDF550-4968-48B0-BFDB-911E15198719}.MSRS Debug|Mixed Platforms.Build.0 = Debug|Any CPU
		{D6DDF550-4968-48B0-BFDB-911E15198719}.MSRS Debug|Win32.ActiveCfg = Debug|Any CPU
		{D6DDF550-4968-48B0-BFDB-911E15198719}.MSRS Debug|x86.ActiveCfg = Debug|Any CPU
		{D6DDF550-4968-48B0-BFDB-911E15198719}.Release MSRS|Any CPU.ActiveCfg = Release|Any CPU
		{D6DDF550-4968-48B0-BFDB-911E15198719}.Release MSRS|Any CPU.Build.0 = Release|Any CPU
		{D6DDF550-4968-48B0-BFDB-911E15198719}.Release MSRS|Mixed Platforms.ActiveCfg = Release|Any CPU
		{D6DDF550-4968-48B0-BFDB-911E15198719}.Release MSRS|Mixed Platforms.Build.0 = Release|Any CPU
		{D6DDF550-4968-48B0-BFDB-911E15198719}.Release MSRS|Win32.ActiveCfg = Release|Any CPU
		{D6DDF550-4968-48B0-BFDB-911E15198719}.Release MSRS|x86.ActiveCfg = Release|Any CPU
		{D6DDF550-4968-48B0-BFDB-911E15198719}.Release|Any CPU.ActiveCfg = Release|Any CPU
		{D6DDF550-4968-48B0-BFDB-911E15198719}.Release|Any CPU.Build.0 = Release|Any CPU
		{D6DDF550-4968-48B0-BFDB-911E15198719}.Release|Mixed Platforms.ActiveCfg = Release|Any CPU
		{D6DDF550-4968-48B0-BFDB-911E15198719}.Release|Mixed Platforms.Build.0 = Release|Any CPU
		{D6DDF550-4968-48B0-BFDB-911E15198719}.Release|Win32.ActiveCfg = Release|Any CPU
		{D6DDF550-4968-48B0-BFDB-911E15198719}.Release|x86.ActiveCfg = Release|Any CPU
		{5CBC900F-8F31-4315-8569-3974FB09DC99}.Debug MSRS|Any CPU.ActiveCfg = Debug
		{5CBC900F-8F31-4315-8569-3974FB09DC99}.Debug MSRS|Any CPU.Build.0 = Debug
		{5CBC900F-8F31-4315-8569-3974FB09DC99}.Debug MSRS|Mixed Platforms.ActiveCfg = Debug
		{5CBC900F-8F31-4315-8569-3974FB09DC99}.Debug MSRS|Mixed Platforms.Build.0 = Debug
		{5CBC900F-8F31-4315-8569-3974FB09DC99}.Debug MSRS|Win32.ActiveCfg = Debug
		{5CBC900F-8F31-4315-8569-3974FB09DC99}.Debug MSRS|Win32.Build.0 = Debug
		{5CBC900F-8F31-4315-8569-3974FB09DC99}.Debug MSRS|x86.ActiveCfg = Debug
		{5CBC900F-8F31-4315-8569-3974FB09DC99}.Debug MSRS|x86.Build.0 = Debug
		{5CBC900F-8F31-4315-8569-3974FB09DC99}.Debug|Any CPU.ActiveCfg = Debug
		{5CBC900F-8F31-4315-8569-3974FB09DC99}.Debug|Mixed Platforms.ActiveCfg = Debug
		{5CBC900F-8F31-4315-8569-3974FB09DC99}.Debug|Win32.ActiveCfg = Debug
		{5CBC900F-8F31-4315-8569-3974FB09DC99}.Debug|x86.ActiveCfg = Debug
		{5CBC900F-8F31-4315-8569-3974FB09DC99}.Debug|x86.Build.0 = Debug
		{5CBC900F-8F31-4315-8569-3974FB09DC99}.MSRS Debug|Any CPU.ActiveCfg = Debug
		{5CBC900F-8F31-4315-8569-3974FB09DC99}.MSRS Debug|Any CPU.Build.0 = Debug
		{5CBC900F-8F31-4315-8569-3974FB09DC99}.MSRS Debug|Mixed Platforms.ActiveCfg = Debug
		{5CBC900F-8F31-4315-8569-3974FB09DC99}.MSRS Debug|Mixed Platforms.Build.0 = Debug
		{5CBC900F-8F31-4315-8569-3974FB09DC99}.MSRS Debug|Win32.ActiveCfg = Debug
		{5CBC900F-8F31-4315-8569-3974FB09DC99}.MSRS Debug|Win32.Build.0 = Debug
		{5CBC900F-8F31-4315-8569-3974FB09DC99}.MSRS Debug|x86.ActiveCfg = Debug
		{5CBC900F-8F31-4315-8569-3974FB09DC99}.MSRS Debug|x86.Build.0 = Debug
		{5CBC900F-8F31-4315-8569-3974FB09DC99}.Release MSRS|Any CPU.ActiveCfg = Release
		{5CBC900F-8F31-4315-8569-3974FB09DC99}.Release MSRS|Any CPU.Build.0 = Release
		{5CBC900F-8F31-4315-8569-3974FB09DC99}.Release MSRS|Mixed Platforms.ActiveCfg = Release
		{5CBC900F-8F31-4315-8569-3974FB09DC99}.Release MSRS|Mixed Platforms.Build.0 = Release
		{5CBC900F-8F31-4315-8569-3974FB09DC99}.Release MSRS|Win32.ActiveCfg = Release
		{5CBC900F-8F31-4315-8569-3974FB09DC99}.Release MSRS|Win32.Build.0 = Release
		{5CBC900F-8F31-4315-8569-3974FB09DC99}.Release MSRS|x86.ActiveCfg = Release
		{5CBC900F-8F31-4315-8569-3974FB09DC99}.Release MSRS|x86.Build.0 = Release
		{5CBC900F-8F31-4315-8569-3974FB09DC99}.Release|Any CPU.ActiveCfg = Release
		{5CBC900F-8F31-4315-8569-3974FB09DC99}.Release|Mixed Platforms.ActiveCfg = Release
		{5CBC900F-8F31-4315-8569-3974FB09DC99}.Release|Win32.ActiveCfg = Release
		{5CBC900F-8F31-4315-8569-3974FB09DC99}.Release|x86.ActiveCfg = Release
		{5CBC900F-8F31-4315-8569-3974FB09DC99}.Release|x86.Build.0 = Release
		{ABB32A29-AF50-47FA-B243-5FD75A5ABA54}.Debug MSRS|Any CPU.ActiveCfg = Debug|Any CPU
		{ABB32A29-AF50-47FA-B243-5FD75A5ABA54}.Debug MSRS|Any CPU.Build.0 = Debug|Any CPU
		{ABB32A29-AF50-47FA-B243-5FD75A5ABA54}.Debug MSRS|Mixed Platforms.ActiveCfg = Debug|Any CPU
		{ABB32A29-AF50-47FA-B243-5FD75A5ABA54}.Debug MSRS|Mixed Platforms.Build.0 = Debug|Any CPU
		{ABB32A29-AF50-47FA-B243-5FD75A5ABA54}.Debug MSRS|Win32.ActiveCfg = Debug|Any CPU
		{ABB32A29-AF50-47FA-B243-5FD75A5ABA54}.Debug MSRS|x86.ActiveCfg = Debug|Any CPU
		{ABB32A29-AF50-47FA-B243-5FD75A5ABA54}.Debug|Any CPU.ActiveCfg = Debug|Any CPU
		{ABB32A29-AF50-47FA-B243-5FD75A5ABA54}.Debug|Any CPU.Build.0 = Debug|Any CPU
		{ABB32A29-AF50-47FA-B243-5FD75A5ABA54}.Debug|Mixed Platforms.ActiveCfg = Debug|Any CPU
		{ABB32A29-AF50-47FA-B243-5FD75A5ABA54}.Debug|Mixed Platforms.Build.0 = Debug|Any CPU
		{ABB32A29-AF50-47FA-B243-5FD75A5ABA54}.Debug|Win32.ActiveCfg = Debug|Any CPU
		{ABB32A29-AF50-47FA-B243-5FD75A5ABA54}.Debug|x86.ActiveCfg = Debug|Any CPU
		{ABB32A29-AF50-47FA-B243-5FD75A5ABA54}.MSRS Debug|Any CPU.ActiveCfg = Debug|Any CPU
		{ABB32A29-AF50-47FA-B243-5FD75A5ABA54}.MSRS Debug|Any CPU.Build.0 = Debug|Any CPU
		{ABB32A29-AF50-47FA-B243-5FD75A5ABA54}.MSRS Debug|Mixed Platforms.ActiveCfg = Debug|Any CPU
		{ABB32A29-AF50-47FA-B243-5FD75A5ABA54}.MSRS Debug|Mixed Platforms.Build.0 = Debug|Any CPU
		{ABB32A29-AF50-47FA-B243-5FD75A5ABA54}.MSRS Debug|Win32.ActiveCfg = Debug|Any CPU
		{ABB32A29-AF50-47FA-B243-5FD75A5ABA54}.MSRS Debug|x86.ActiveCfg = Debug|Any CPU
		{ABB32A29-AF50-47FA-B243-5FD75A5ABA54}.Release MSRS|Any CPU.ActiveCfg = Release|Any CPU
		{ABB32A29-AF50-47FA-B243-5FD75A5ABA54}.Release MSRS|Any CPU.Build.0 = Release|Any CPU
		{ABB32A29-AF50-47FA-B243-5FD75A5ABA54}.Release MSRS|Mixed Platforms.ActiveCfg = Release|Any CPU
		{ABB32A29-AF50-47FA-B243-5FD75A5ABA54}.Release MSRS|Mixed Platforms.Build.0 = Release|Any CPU
		{ABB32A29-AF50-47FA-B243-5FD75A5ABA54}.Release MSRS|Win32.ActiveCfg = Release|Any CPU
		{ABB32A29-AF50-47FA-B243-5FD75A5ABA54}.Release MSRS|x86.ActiveCfg = Release|Any CPU
		{ABB32A29-AF50-47FA-B243-5FD75A5ABA54}.Release|Any CPU.ActiveCfg = Release|Any CPU
		{ABB32A29-AF50-47FA-B243-5FD75A5ABA54}.Release|Any CPU.Build.0 = Release|Any CPU
		{ABB32A29-AF50-47FA-B243-5FD75A5ABA54}.Release|Mixed Platforms.ActiveCfg = Release|Any CPU
		{ABB32A29-AF50-47FA-B243-5FD75A5ABA54}.Release|Mixed Platforms.Build.0 = Release|Any CPU
		{ABB32A29-AF50-47FA-B243-5FD75A5ABA54}.Release|Win32.ActiveCfg = Release|Any CPU
		{ABB32A29-AF50-47FA-B243-5FD75A5ABA54}.Release|x86.ActiveCfg = Release|Any CPU
		{37A555DF-7012-4B99-8A47-1C922A361E52}.Debug MSRS|Any CPU.ActiveCfg = Debug MSRS|Any CPU
		{37A555DF-7012-4B99-8A47-1C922A361E52}.Debug MSRS|Any CPU.Build.0 = Debug MSRS|Any CPU
		{37A555DF-7012-4B99-8A47-1C922A361E52}.Debug MSRS|Mixed Platforms.ActiveCfg = Debug MSRS|x86
		{37A555DF-7012-4B99-8A47-1C922A361E52}.Debug MSRS|Mixed Platforms.Build.0 = Debug MSRS|x86
		{37A555DF-7012-4B99-8A47-1C922A361E52}.Debug MSRS|Win32.ActiveCfg = Debug MSRS|x86
		{37A555DF-7012-4B99-8A47-1C922A361E52}.Debug MSRS|x86.ActiveCfg = Debug MSRS|x86
		{37A555DF-7012-4B99-8A47-1C922A361E52}.Debug MSRS|x86.Build.0 = Debug MSRS|x86
		{37A555DF-7012-4B99-8A47-1C922A361E52}.Debug|Any CPU.ActiveCfg = Debug|Any CPU
		{37A555DF-7012-4B99-8A47-1C922A361E52}.Debug|Any CPU.Build.0 = Debug|Any CPU
		{37A555DF-7012-4B99-8A47-1C922A361E52}.Debug|Mixed Platforms.ActiveCfg = Debug|x86
		{37A555DF-7012-4B99-8A47-1C922A361E52}.Debug|Mixed Platforms.Build.0 = Debug|x86
		{37A555DF-7012-4B99-8A47-1C922A361E52}.Debug|Win32.ActiveCfg = Debug|x86
		{37A555DF-7012-4B99-8A47-1C922A361E52}.Debug|x86.ActiveCfg = Debug|x86
		{37A555DF-7012-4B99-8A47-1C922A361E52}.Debug|x86.Build.0 = Debug|x86
		{37A555DF-7012-4B99-8A47-1C922A361E52}.MSRS Debug|Any CPU.ActiveCfg = MSRS Debug|Any CPU
		{37A555DF-7012-4B99-8A47-1C922A361E52}.MSRS Debug|Any CPU.Build.0 = MSRS Debug|Any CPU
		{37A555DF-7012-4B99-8A47-1C922A361E52}.MSRS Debug|Mixed Platforms.ActiveCfg = MSRS Debug|x86
		{37A555DF-7012-4B99-8A47-1C922A361E52}.MSRS Debug|Mixed Platforms.Build.0 = MSRS Debug|x86
		{37A555DF-7012-4B99-8A47-1C922A361E52}.MSRS Debug|Win32.ActiveCfg = MSRS Debug|x86
		{37A555DF-7012-4B99-8A47-1C922A361E52}.MSRS Debug|x86.ActiveCfg = MSRS Debug|x86
		{37A555DF-7012-4B99-8A47-1C922A361E52}.MSRS Debug|x86.Build.0 = MSRS Debug|x86
		{37A555DF-7012-4B99-8A47-1C922A361E52}.Release MSRS|Any CPU.ActiveCfg = Release MSRS|Any CPU
		{37A555DF-7012-4B99-8A47-1C922A361E52}.Release MSRS|Any CPU.Build.0 = Release MSRS|Any CPU
		{37A555DF-7012-4B99-8A47-1C922A361E52}.Release MSRS|Mixed Platforms.ActiveCfg = Release MSRS|x86
		{37A555DF-7012-4B99-8A47-1C922A361E52}.Release MSRS|Mixed Platforms.Build.0 = Release MSRS|x86
		{37A555DF-7012-4B99-8A47-1C922A361E52}.Release MSRS|Win32.ActiveCfg = Release MSRS|x86
		{37A555DF-7012-4B99-8A47-1C922A361E52}.Release MSRS|x86.ActiveCfg = Release MSRS|x86
		{37A555DF-7012-4B99-8A47-1C922A361E52}.Release MSRS|x86.Build.0 = Release MSRS|x86
		{37A555DF-7012-4B99-8A47-1C922A361E52}.Release|Any CPU.ActiveCfg = Release|Any CPU
		{37A555DF-7012-4B99-8A47-1C922A361E52}.Release|Any CPU.Build.0 = Release|Any CPU
		{37A555DF-7012-4B99-8A47-1C922A361E52}.Release|Mixed Platforms.ActiveCfg = Release|x86
		{37A555DF-7012-4B99-8A47-1C922A361E52}.Release|Mixed Platforms.Build.0 = Release|x86
		{37A555DF-7012-4B99-8A47-1C922A361E52}.Release|Win32.ActiveCfg = Release|x86
		{37A555DF-7012-4B99-8A47-1C922A361E52}.Release|x86.ActiveCfg = Release|x86
		{37A555DF-7012-4B99-8A47-1C922A361E52}.Release|x86.Build.0 = Release|x86
		{77D5FD1D-325D-4379-9D45-00CAC7DE365E}.Debug MSRS|Any CPU.ActiveCfg = Debug|Any CPU
		{77D5FD1D-325D-4379-9D45-00CAC7DE365E}.Debug MSRS|Any CPU.Build.0 = Debug|Any CPU
		{77D5FD1D-325D-4379-9D45-00CAC7DE365E}.Debug MSRS|Mixed Platforms.ActiveCfg = Debug|Any CPU
		{77D5FD1D-325D-4379-9D45-00CAC7DE365E}.Debug MSRS|Mixed Platforms.Build.0 = Debug|Any CPU
		{77D5FD1D-325D-4379-9D45-00CAC7DE365E}.Debug MSRS|Win32.ActiveCfg = Debug|Any CPU
		{77D5FD1D-325D-4379-9D45-00CAC7DE365E}.Debug MSRS|x86.ActiveCfg = Debug|Any CPU
		{77D5FD1D-325D-4379-9D45-00CAC7DE365E}.Debug|Any CPU.ActiveCfg = Debug|Any CPU
		{77D5FD1D-325D-4379-9D45-00CAC7DE365E}.Debug|Any CPU.Build.0 = Debug|Any CPU
		{77D5FD1D-325D-4379-9D45-00CAC7DE365E}.Debug|Mixed Platforms.ActiveCfg = Debug|Any CPU
		{77D5FD1D-325D-4379-9D45-00CAC7DE365E}.Debug|Mixed Platforms.Build.0 = Debug|Any CPU
		{77D5FD1D-325D-4379-9D45-00CAC7DE365E}.Debug|Win32.ActiveCfg = Debug|Any CPU
		{77D5FD1D-325D-4379-9D45-00CAC7DE365E}.Debug|x86.ActiveCfg = Debug|Any CPU
		{77D5FD1D-325D-4379-9D45-00CAC7DE365E}.MSRS Debug|Any CPU.ActiveCfg = Debug|Any CPU
		{77D5FD1D-325D-4379-9D45-00CAC7DE365E}.MSRS Debug|Any CPU.Build.0 = Debug|Any CPU
		{77D5FD1D-325D-4379-9D45-00CAC7DE365E}.MSRS Debug|Mixed Platforms.ActiveCfg = Debug|Any CPU
		{77D5FD1D-325D-4379-9D45-00CAC7DE365E}.MSRS Debug|Mixed Platforms.Build.0 = Debug|Any CPU
		{77D5FD1D-325D-4379-9D45-00CAC7DE365E}.MSRS Debug|Win32.ActiveCfg = Debug|Any CPU
		{77D5FD1D-325D-4379-9D45-00CAC7DE365E}.MSRS Debug|x86.ActiveCfg = Debug|Any CPU
		{77D5FD1D-325D-4379-9D45-00CAC7DE365E}.Release MSRS|Any CPU.ActiveCfg = Release|Any CPU
		{77D5FD1D-325D-4379-9D45-00CAC7DE365E}.Release MSRS|Any CPU.Build.0 = Release|Any CPU
		{77D5FD1D-325D-4379-9D45-00CAC7DE365E}.Release MSRS|Mixed Platforms.ActiveCfg = Release|Any CPU
		{77D5FD1D-325D-4379-9D45-00CAC7DE365E}.Release MSRS|Mixed Platforms.Build.0 = Release|Any CPU
		{77D5FD1D-325D-4379-9D45-00CAC7DE365E}.Release MSRS|Win32.ActiveCfg = Release|Any CPU
		{77D5FD1D-325D-4379-9D45-00CAC7DE365E}.Release MSRS|x86.ActiveCfg = Release|Any CPU
		{77D5FD1D-325D-4379-9D45-00CAC7DE365E}.Release|Any CPU.ActiveCfg = Release|Any CPU
		{77D5FD1D-325D-4379-9D45-00CAC7DE365E}.Release|Any CPU.Build.0 = Release|Any CPU
		{77D5FD1D-325D-4379-9D45-00CAC7DE365E}.Release|Mixed Platforms.ActiveCfg = Release|Any CPU
		{77D5FD1D-325D-4379-9D45-00CAC7DE365E}.Release|Mixed Platforms.Build.0 = Release|Any CPU
		{77D5FD1D-325D-4379-9D45-00CAC7DE365E}.Release|Win32.ActiveCfg = Release|Any CPU
		{77D5FD1D-325D-4379-9D45-00CAC7DE365E}.Release|x86.ActiveCfg = Release|Any CPU
	EndGlobalSection
	GlobalSection(SolutionProperties) = preSolution
		HideSolutionNode = FALSE
	EndGlobalSection
EndGlobal
